
Microsoft Visual Studio Solution File, Format Version 12.00
# Visual Studio 15
VisualStudioVersion = 15.0.26124.0
MinimumVisualStudioVersion = 15.0.26124.0
Project("{FAE04EC0-301F-11D3-BF4B-00C04F79EFBC}") = "library", "library\library.csproj", "{833DA286-C1DF-4470-A45C-B21B1264461A}"
EndProject
Project("{FAE04EC0-301F-11D3-BF4B-00C04F79EFBC}") = "task1", "task1\task1.csproj", "{693DF933-B95B-4CD0-B952-367F4AEEEFFC}"
EndProject
Project("{FAE04EC0-301F-11D3-BF4B-00C04F79EFBC}") = "task2", "task2\task2.csproj", "{97F59DEC-7328-473A-A1CF-6C1C81F91481}"
EndProject
Project("{FAE04EC0-301F-11D3-BF4B-00C04F79EFBC}") = "task3", "task3\task3.csproj", "{CF2DA5A6-E561-468E-B3A0-30077DADBD50}"
EndProject
Project("{FAE04EC0-301F-11D3-BF4B-00C04F79EFBC}") = "task4", "task4\task4.csproj", "{4478BBF9-A49B-48A8-8F8E-A31482C7F420}"
EndProject
Global
	GlobalSection(SolutionConfigurationPlatforms) = preSolution
		Debug|Any CPU = Debug|Any CPU
		Debug|x64 = Debug|x64
		Debug|x86 = Debug|x86
		Release|Any CPU = Release|Any CPU
		Release|x64 = Release|x64
		Release|x86 = Release|x86
	EndGlobalSection
	GlobalSection(SolutionProperties) = preSolution
		HideSolutionNode = FALSE
	EndGlobalSection
	GlobalSection(ProjectConfigurationPlatforms) = postSolution
		{833DA286-C1DF-4470-A45C-B21B1264461A}.Debug|Any CPU.ActiveCfg = Debug|Any CPU
		{833DA286-C1DF-4470-A45C-B21B1264461A}.Debug|Any CPU.Build.0 = Debug|Any CPU
		{833DA286-C1DF-4470-A45C-B21B1264461A}.Debug|x64.ActiveCfg = Debug|Any CPU
		{833DA286-C1DF-4470-A45C-B21B1264461A}.Debug|x64.Build.0 = Debug|Any CPU
		{833DA286-C1DF-4470-A45C-B21B1264461A}.Debug|x86.ActiveCfg = Debug|Any CPU
		{833DA286-C1DF-4470-A45C-B21B1264461A}.Debug|x86.Build.0 = Debug|Any CPU
		{833DA286-C1DF-4470-A45C-B21B1264461A}.Release|Any CPU.ActiveCfg = Release|Any CPU
		{833DA286-C1DF-4470-A45C-B21B1264461A}.Release|Any CPU.Build.0 = Release|Any CPU
		{833DA286-C1DF-4470-A45C-B21B1264461A}.Release|x64.ActiveCfg = Release|Any CPU
		{833DA286-C1DF-4470-A45C-B21B1264461A}.Release|x64.Build.0 = Release|Any CPU
		{833DA286-C1DF-4470-A45C-B21B1264461A}.Release|x86.ActiveCfg = Release|Any CPU
		{833DA286-C1DF-4470-A45C-B21B1264461A}.Release|x86.Build.0 = Release|Any CPU
		{693DF933-B95B-4CD0-B952-367F4AEEEFFC}.Debug|Any CPU.ActiveCfg = Debug|Any CPU
		{693DF933-B95B-4CD0-B952-367F4AEEEFFC}.Debug|Any CPU.Build.0 = Debug|Any CPU
		{693DF933-B95B-4CD0-B952-367F4AEEEFFC}.Debug|x64.ActiveCfg = Debug|Any CPU
		{693DF933-B95B-4CD0-B952-367F4AEEEFFC}.Debug|x64.Build.0 = Debug|Any CPU
		{693DF933-B95B-4CD0-B952-367F4AEEEFFC}.Debug|x86.ActiveCfg = Debug|Any CPU
		{693DF933-B95B-4CD0-B952-367F4AEEEFFC}.Debug|x86.Build.0 = Debug|Any CPU
		{693DF933-B95B-4CD0-B952-367F4AEEEFFC}.Release|Any CPU.ActiveCfg = Release|Any CPU
		{693DF933-B95B-4CD0-B952-367F4AEEEFFC}.Release|Any CPU.Build.0 = Release|Any CPU
		{693DF933-B95B-4CD0-B952-367F4AEEEFFC}.Release|x64.ActiveCfg = Release|Any CPU
		{693DF933-B95B-4CD0-B952-367F4AEEEFFC}.Release|x64.Build.0 = Release|Any CPU
		{693DF933-B95B-4CD0-B952-367F4AEEEFFC}.Release|x86.ActiveCfg = Release|Any CPU
		{693DF933-B95B-4CD0-B952-367F4AEEEFFC}.Release|x86.Build.0 = Release|Any CPU
		{97F59DEC-7328-473A-A1CF-6C1C81F91481}.Debug|Any CPU.ActiveCfg = Debug|Any CPU
		{97F59DEC-7328-473A-A1CF-6C1C81F91481}.Debug|Any CPU.Build.0 = Debug|Any CPU
		{97F59DEC-7328-473A-A1CF-6C1C81F91481}.Debug|x64.ActiveCfg = Debug|Any CPU
		{97F59DEC-7328-473A-A1CF-6C1C81F91481}.Debug|x64.Build.0 = Debug|Any CPU
		{97F59DEC-7328-473A-A1CF-6C1C81F91481}.Debug|x86.ActiveCfg = Debug|Any CPU
		{97F59DEC-7328-473A-A1CF-6C1C81F91481}.Debug|x86.Build.0 = Debug|Any CPU
		{97F59DEC-7328-473A-A1CF-6C1C81F91481}.Release|Any CPU.ActiveCfg = Release|Any CPU
		{97F59DEC-7328-473A-A1CF-6C1C81F91481}.Release|Any CPU.Build.0 = Release|Any CPU
		{97F59DEC-7328-473A-A1CF-6C1C81F91481}.Release|x64.ActiveCfg = Release|Any CPU
		{97F59DEC-7328-473A-A1CF-6C1C81F91481}.Release|x64.Build.0 = Release|Any CPU
		{97F59DEC-7328-473A-A1CF-6C1C81F91481}.Release|x86.ActiveCfg = Release|Any CPU
		{97F59DEC-7328-473A-A1CF-6C1C81F91481}.Release|x86.Build.0 = Release|Any CPU
		{CF2DA5A6-E561-468E-B3A0-30077DADBD50}.Debug|Any CPU.ActiveCfg = Debug|Any CPU
		{CF2DA5A6-E561-468E-B3A0-30077DADBD50}.Debug|Any CPU.Build.0 = Debug|Any CPU
		{CF2DA5A6-E561-468E-B3A0-30077DADBD50}.Debug|x64.ActiveCfg = Debug|Any CPU
		{CF2DA5A6-E561-468E-B3A0-30077DADBD50}.Debug|x64.Build.0 = Debug|Any CPU
		{CF2DA5A6-E561-468E-B3A0-30077DADBD50}.Debug|x86.ActiveCfg = Debug|Any CPU
		{CF2DA5A6-E561-468E-B3A0-30077DADBD50}.Debug|x86.Build.0 = Debug|Any CPU
		{CF2DA5A6-E561-468E-B3A0-30077DADBD50}.Release|Any CPU.ActiveCfg = Release|Any CPU
		{CF2DA5A6-E561-468E-B3A0-30077DADBD50}.Release|Any CPU.Build.0 = Release|Any CPU
		{CF2DA5A6-E561-468E-B3A0-30077DADBD50}.Release|x64.ActiveCfg = Release|Any CPU
		{CF2DA5A6-E561-468E-B3A0-30077DADBD50}.Release|x64.Build.0 = Release|Any CPU
		{CF2DA5A6-E561-468E-B3A0-30077DADBD50}.Release|x86.ActiveCfg = Release|Any CPU
		{CF2DA5A6-E561-468E-B3A0-30077DADBD50}.Release|x86.Build.0 = Release|Any CPU
		{4478BBF9-A49B-48A8-8F8E-A31482C7F420}.Debug|Any CPU.ActiveCfg = Debug|Any CPU
		{4478BBF9-A49B-48A8-8F8E-A31482C7F420}.Debug|Any CPU.Build.0 = Debug|Any CPU
		{4478BBF9-A49B-48A8-8F8E-A31482C7F420}.Debug|x64.ActiveCfg = Debug|Any CPU
		{4478BBF9-A49B-48A8-8F8E-A31482C7F420}.Debug|x64.Build.0 = Debug|Any CPU
		{4478BBF9-A49B-48A8-8F8E-A31482C7F420}.Debug|x86.ActiveCfg = Debug|Any CPU
		{4478BBF9-A49B-48A8-8F8E-A31482C7F420}.Debug|x86.Build.0 = Debug|Any CPU
		{4478BBF9-A49B-48A8-8F8E-A31482C7F420}.Release|Any CPU.ActiveCfg = Release|Any CPU
		{4478BBF9-A49B-48A8-8F8E-A31482C7F420}.Release|Any CPU.Build.0 = Release|Any CPU
		{4478BBF9-A49B-48A8-8F8E-A31482C7F420}.Release|x64.ActiveCfg = Release|Any CPU
		{4478BBF9-A49B-48A8-8F8E-A31482C7F420}.Release|x64.Build.0 = Release|Any CPU
		{4478BBF9-A49B-48A8-8F8E-A31482C7F420}.Release|x86.ActiveCfg = Release|Any CPU
		{4478BBF9-A49B-48A8-8F8E-A31482C7F420}.Release|x86.Build.0 = Release|Any CPU
	EndGlobalSection
EndGlobal
